
Microsoft Visual Studio Solution File, Format Version 12.00
# Visual Studio Version 17
VisualStudioVersion = 17.14.36203.30 d17.14
MinimumVisualStudioVersion = 10.0.40219.1
Project("{C9674DCB-5085-4A16-B785-4C70DD1589BD}") = "GravityProject", "GravityProject\GravityProject.dtproj", "{E04B85DA-35BE-EF6B-71EC-05B1E8B81062}"
EndProject
Global
	GlobalSection(SolutionConfigurationPlatforms) = preSolution
		Development|Default = Development|Default
	EndGlobalSection
	GlobalSection(ProjectConfigurationPlatforms) = postSolution
		{E04B85DA-35BE-EF6B-71EC-05B1E8B81062}.Development|Default.ActiveCfg = Development
		{E04B85DA-35BE-EF6B-71EC-05B1E8B81062}.Development|Default.Build.0 = Development
	EndGlobalSection
	GlobalSection(SolutionProperties) = preSolution
		HideSolutionNode = FALSE
	EndGlobalSection
	GlobalSection(ExtensibilityGlobals) = postSolution
		SolutionGuid = {5CA9D91F-ACBB-4738-BA5A-6116F321EE3F}
	EndGlobalSection
EndGlobal
